// !$*UTF8*$!
{
	archiveVersion = 1;
	classes = {
	};
	objectVersion = 50;
	objects = {

/* Begin PBXBuildFile section */
		2C332E0D22755379009AA9AE /* Photo.swift in Sources */ = {isa = PBXBuildFile; fileRef = 2C332E0C22755379009AA9AE /* Photo.swift */; };
		2C332E0F22755447009AA9AE /* Photos.swift in Sources */ = {isa = PBXBuildFile; fileRef = 2C332E0E22755447009AA9AE /* Photos.swift */; };
		2CD804CD226E6EAA00641652 /* AppDelegate.swift in Sources */ = {isa = PBXBuildFile; fileRef = 2CD804CC226E6EAA00641652 /* AppDelegate.swift */; };
		2CD804CF226E6EAA00641652 /* ViewController.swift in Sources */ = {isa = PBXBuildFile; fileRef = 2CD804CE226E6EAA00641652 /* ViewController.swift */; };
		2CD804D2226E6EAA00641652 /* Main.storyboard in Resources */ = {isa = PBXBuildFile; fileRef = 2CD804D0226E6EAA00641652 /* Main.storyboard */; };
		2CD804D4226E6EAB00641652 /* Assets.xcassets in Resources */ = {isa = PBXBuildFile; fileRef = 2CD804D3226E6EAB00641652 /* Assets.xcassets */; };
		2CD804D7226E6EAB00641652 /* LaunchScreen.storyboard in Resources */ = {isa = PBXBuildFile; fileRef = 2CD804D5226E6EAB00641652 /* LaunchScreen.storyboard */; };
		2CD804E1226FFE0D00641652 /* SpendingViewController.swift in Sources */ = {isa = PBXBuildFile; fileRef = 2CD804E0226FFE0D00641652 /* SpendingViewController.swift */; };
		2CD804E3226FFEAE00641652 /* EarningViewController.swift in Sources */ = {isa = PBXBuildFile; fileRef = 2CD804E2226FFEAE00641652 /* EarningViewController.swift */; };
		2CD804E5226FFEE300641652 /* CalendarViewController.swift in Sources */ = {isa = PBXBuildFile; fileRef = 2CD804E4226FFEE300641652 /* CalendarViewController.swift */; };
		2CD804E7227002F900641652 /* SpendingDetailViewController.swift in Sources */ = {isa = PBXBuildFile; fileRef = 2CD804E6227002F900641652 /* SpendingDetailViewController.swift */; };
		2CD804E92275286F00641652 /* EarningDetailViewController.swift in Sources */ = {isa = PBXBuildFile; fileRef = 2CD804E82275286F00641652 /* EarningDetailViewController.swift */; };
		F8FEA334E7BB8F71F3CDD288 /* libPods-saves.a in Frameworks */ = {isa = PBXBuildFile; fileRef = 0D7A14070B494705253CA528 /* libPods-saves.a */; };
/* End PBXBuildFile section */

/* Begin PBXFileReference section */
		0D7A14070B494705253CA528 /* libPods-saves.a */ = {isa = PBXFileReference; explicitFileType = archive.ar; includeInIndex = 0; path = "libPods-saves.a"; sourceTree = BUILT_PRODUCTS_DIR; };
		10DA910764557513022C7D3F /* Pods-saves.debug.xcconfig */ = {isa = PBXFileReference; includeInIndex = 1; lastKnownFileType = text.xcconfig; name = "Pods-saves.debug.xcconfig"; path = "Target Support Files/Pods-saves/Pods-saves.debug.xcconfig"; sourceTree = "<group>"; };
		2C332E0C22755379009AA9AE /* Photo.swift */ = {isa = PBXFileReference; lastKnownFileType = sourcecode.swift; path = Photo.swift; sourceTree = "<group>"; };
		2C332E0E22755447009AA9AE /* Photos.swift */ = {isa = PBXFileReference; lastKnownFileType = sourcecode.swift; path = Photos.swift; sourceTree = "<group>"; };
		2CD804C9226E6EAA00641652 /* saves.app */ = {isa = PBXFileReference; explicitFileType = wrapper.application; includeInIndex = 0; path = saves.app; sourceTree = BUILT_PRODUCTS_DIR; };
		2CD804CC226E6EAA00641652 /* AppDelegate.swift */ = {isa = PBXFileReference; lastKnownFileType = sourcecode.swift; path = AppDelegate.swift; sourceTree = "<group>"; };
		2CD804CE226E6EAA00641652 /* ViewController.swift */ = {isa = PBXFileReference; lastKnownFileType = sourcecode.swift; path = ViewController.swift; sourceTree = "<group>"; };
		2CD804D1226E6EAA00641652 /* Base */ = {isa = PBXFileReference; lastKnownFileType = file.storyboard; name = Base; path = Base.lproj/Main.storyboard; sourceTree = "<group>"; };
		2CD804D3226E6EAB00641652 /* Assets.xcassets */ = {isa = PBXFileReference; lastKnownFileType = folder.assetcatalog; path = Assets.xcassets; sourceTree = "<group>"; };
		2CD804D6226E6EAB00641652 /* Base */ = {isa = PBXFileReference; lastKnownFileType = file.storyboard; name = Base; path = Base.lproj/LaunchScreen.storyboard; sourceTree = "<group>"; };
		2CD804D8226E6EAB00641652 /* Info.plist */ = {isa = PBXFileReference; lastKnownFileType = text.plist.xml; path = Info.plist; sourceTree = "<group>"; };
		2CD804E0226FFE0D00641652 /* SpendingViewController.swift */ = {isa = PBXFileReference; lastKnownFileType = sourcecode.swift; path = SpendingViewController.swift; sourceTree = "<group>"; };
		2CD804E2226FFEAE00641652 /* EarningViewController.swift */ = {isa = PBXFileReference; lastKnownFileType = sourcecode.swift; path = EarningViewController.swift; sourceTree = "<group>"; };
		2CD804E4226FFEE300641652 /* CalendarViewController.swift */ = {isa = PBXFileReference; lastKnownFileType = sourcecode.swift; path = CalendarViewController.swift; sourceTree = "<group>"; };
		2CD804E6227002F900641652 /* SpendingDetailViewController.swift */ = {isa = PBXFileReference; lastKnownFileType = sourcecode.swift; path = SpendingDetailViewController.swift; sourceTree = "<group>"; };
		2CD804E82275286F00641652 /* EarningDetailViewController.swift */ = {isa = PBXFileReference; lastKnownFileType = sourcecode.swift; path = EarningDetailViewController.swift; sourceTree = "<group>"; };
		3D1F4208A4E8E9D2A3EFB83F /* Pods-saves.release.xcconfig */ = {isa = PBXFileReference; includeInIndex = 1; lastKnownFileType = text.xcconfig; name = "Pods-saves.release.xcconfig"; path = "Target Support Files/Pods-saves/Pods-saves.release.xcconfig"; sourceTree = "<group>"; };
/* End PBXFileReference section */

/* Begin PBXFrameworksBuildPhase section */
		2CD804C6226E6EAA00641652 /* Frameworks */ = {
			isa = PBXFrameworksBuildPhase;
			buildActionMask = 2147483647;
			files = (
				F8FEA334E7BB8F71F3CDD288 /* libPods-saves.a in Frameworks */,
			);
			runOnlyForDeploymentPostprocessing = 0;
		};
/* End PBXFrameworksBuildPhase section */

/* Begin PBXGroup section */
		186D0E119FB4ECB869A3DACE /* Frameworks */ = {
			isa = PBXGroup;
			children = (
				0D7A14070B494705253CA528 /* libPods-saves.a */,
			);
			name = Frameworks;
			sourceTree = "<group>";
		};
		2CD804C0226E6EAA00641652 = {
			isa = PBXGroup;
			children = (
				2CD804CB226E6EAA00641652 /* saves */,
				2CD804CA226E6EAA00641652 /* Products */,
				9C1AE04F332DED31A1609B20 /* Pods */,
				186D0E119FB4ECB869A3DACE /* Frameworks */,
			);
			sourceTree = "<group>";
		};
		2CD804CA226E6EAA00641652 /* Products */ = {
			isa = PBXGroup;
			children = (
				2CD804C9226E6EAA00641652 /* saves.app */,
			);
			name = Products;
			sourceTree = "<group>";
		};
		2CD804CB226E6EAA00641652 /* saves */ = {
			isa = PBXGroup;
			children = (
				2CD804CC226E6EAA00641652 /* AppDelegate.swift */,
				2CD804CE226E6EAA00641652 /* ViewController.swift */,
				2CD804E0226FFE0D00641652 /* SpendingViewController.swift */,
				2CD804E6227002F900641652 /* SpendingDetailViewController.swift */,
				2C332E0C22755379009AA9AE /* Photo.swift */,
				2C332E0E22755447009AA9AE /* Photos.swift */,
				2CD804E2226FFEAE00641652 /* EarningViewController.swift */,
				2CD804E82275286F00641652 /* EarningDetailViewController.swift */,
				2CD804E4226FFEE300641652 /* CalendarViewController.swift */,
				2CD804D0226E6EAA00641652 /* Main.storyboard */,
				2CD804D3226E6EAB00641652 /* Assets.xcassets */,
				2CD804D5226E6EAB00641652 /* LaunchScreen.storyboard */,
				2CD804D8226E6EAB00641652 /* Info.plist */,
			);
			path = saves;
			sourceTree = "<group>";
		};
		9C1AE04F332DED31A1609B20 /* Pods */ = {
			isa = PBXGroup;
			children = (
				10DA910764557513022C7D3F /* Pods-saves.debug.xcconfig */,
				3D1F4208A4E8E9D2A3EFB83F /* Pods-saves.release.xcconfig */,
			);
			name = Pods;
			path = Pods;
			sourceTree = "<group>";
		};
/* End PBXGroup section */

/* Begin PBXNativeTarget section */
		2CD804C8226E6EAA00641652 /* saves */ = {
			isa = PBXNativeTarget;
			buildConfigurationList = 2CD804DB226E6EAB00641652 /* Build configuration list for PBXNativeTarget "saves" */;
			buildPhases = (
				E20A7E6F2AB318A5CF9977A1 /* [CP] Check Pods Manifest.lock */,
				2CD804C5226E6EAA00641652 /* Sources */,
				2CD804C6226E6EAA00641652 /* Frameworks */,
				2CD804C7226E6EAA00641652 /* Resources */,
				A194C5046A917758F0A70916 /* [CP] Copy Pods Resources */,
			);
			buildRules = (
			);
			dependencies = (
			);
			name = saves;
			productName = saves;
			productReference = 2CD804C9226E6EAA00641652 /* saves.app */;
			productType = "com.apple.product-type.application";
		};
/* End PBXNativeTarget section */

/* Begin PBXProject section */
		2CD804C1226E6EAA00641652 /* Project object */ = {
			isa = PBXProject;
			attributes = {
				LastSwiftUpdateCheck = 1010;
				LastUpgradeCheck = 1010;
				ORGANIZATIONNAME = "Sarah Minji Kim";
				TargetAttributes = {
					2CD804C8226E6EAA00641652 = {
						CreatedOnToolsVersion = 10.1;
					};
				};
			};
			buildConfigurationList = 2CD804C4226E6EAA00641652 /* Build configuration list for PBXProject "saves" */;
			compatibilityVersion = "Xcode 9.3";
			developmentRegion = en;
			hasScannedForEncodings = 0;
			knownRegions = (
				en,
				Base,
			);
			mainGroup = 2CD804C0226E6EAA00641652;
			productRefGroup = 2CD804CA226E6EAA00641652 /* Products */;
			projectDirPath = "";
			projectRoot = "";
			targets = (
				2CD804C8226E6EAA00641652 /* saves */,
			);
		};
/* End PBXProject section */

/* Begin PBXResourcesBuildPhase section */
		2CD804C7226E6EAA00641652 /* Resources */ = {
			isa = PBXResourcesBuildPhase;
			buildActionMask = 2147483647;
			files = (
				2CD804D7226E6EAB00641652 /* LaunchScreen.storyboard in Resources */,
				2CD804D4226E6EAB00641652 /* Assets.xcassets in Resources */,
				2CD804D2226E6EAA00641652 /* Main.storyboard in Resources */,
			);
			runOnlyForDeploymentPostprocessing = 0;
		};
/* End PBXResourcesBuildPhase section */

/* Begin PBXShellScriptBuildPhase section */
		A194C5046A917758F0A70916 /* [CP] Copy Pods Resources */ = {
			isa = PBXShellScriptBuildPhase;
			buildActionMask = 2147483647;
			files = (
			);
			inputFileListPaths = (
			);
			inputPaths = (
				"${PODS_ROOT}/Target Support Files/Pods-saves/Pods-saves-resources.sh",
				"${PODS_CONFIGURATION_BUILD_DIR}/gRPC-C++/gRPCCertificates.bundle",
			);
			name = "[CP] Copy Pods Resources";
			outputFileListPaths = (
			);
			outputPaths = (
				"${TARGET_BUILD_DIR}/${UNLOCALIZED_RESOURCES_FOLDER_PATH}/gRPCCertificates.bundle",
			);
			runOnlyForDeploymentPostprocessing = 0;
			shellPath = /bin/sh;
			shellScript = "\"${PODS_ROOT}/Target Support Files/Pods-saves/Pods-saves-resources.sh\"\n";
			showEnvVarsInLog = 0;
		};
		E20A7E6F2AB318A5CF9977A1 /* [CP] Check Pods Manifest.lock */ = {
			isa = PBXShellScriptBuildPhase;
			buildActionMask = 2147483647;
			files = (
			);
			inputFileListPaths = (
			);
			inputPaths = (
				"${PODS_PODFILE_DIR_PATH}/Podfile.lock",
				"${PODS_ROOT}/Manifest.lock",
			);
			name = "[CP] Check Pods Manifest.lock";
			outputFileListPaths = (
			);
			outputPaths = (
				"$(DERIVED_FILE_DIR)/Pods-saves-checkManifestLockResult.txt",
			);
			runOnlyForDeploymentPostprocessing = 0;
			shellPath = /bin/sh;
			shellScript = "diff \"${PODS_PODFILE_DIR_PATH}/Podfile.lock\" \"${PODS_ROOT}/Manifest.lock\" > /dev/null\nif [ $? != 0 ] ; then\n    # print error to STDERR\n    echo \"error: The sandbox is not in sync with the Podfile.lock. Run 'pod install' or update your CocoaPods installation.\" >&2\n    exit 1\nfi\n# This output is used by Xcode 'outputs' to avoid re-running this script phase.\necho \"SUCCESS\" > \"${SCRIPT_OUTPUT_FILE_0}\"\n";
			showEnvVarsInLog = 0;
		};
/* End PBXShellScriptBuildPhase section */

/* Begin PBXSourcesBuildPhase section */
		2CD804C5226E6EAA00641652 /* Sources */ = {
			isa = PBXSourcesBuildPhase;
			buildActionMask = 2147483647;
			files = (
				2C332E0F22755447009AA9AE /* Photos.swift in Sources */,
				2C332E0D22755379009AA9AE /* Photo.swift in Sources */,
				2CD804E5226FFEE300641652 /* CalendarViewController.swift in Sources */,
				2CD804E7227002F900641652 /* SpendingDetailViewController.swift in Sources */,
				2CD804E92275286F00641652 /* EarningDetailViewController.swift in Sources */,
				2CD804CF226E6EAA00641652 /* ViewController.swift in Sources */,
				2CD804E3226FFEAE00641652 /* EarningViewController.swift in Sources */,
				2CD804E1226FFE0D00641652 /* SpendingViewController.swift in Sources */,
				2CD804CD226E6EAA00641652 /* AppDelegate.swift in Sources */,
			);
			runOnlyForDeploymentPostprocessing = 0;
		};
/* End PBXSourcesBuildPhase section */

/* Begin PBXVariantGroup section */
		2CD804D0226E6EAA00641652 /* Main.storyboard */ = {
			isa = PBXVariantGroup;
			children = (
				2CD804D1226E6EAA00641652 /* Base */,
			);
			name = Main.storyboard;
			sourceTree = "<group>";
		};
		2CD804D5226E6EAB00641652 /* LaunchScreen.storyboard */ = {
			isa = PBXVariantGroup;
			children = (
				2CD804D6226E6EAB00641652 /* Base */,
			);
			name = LaunchScreen.storyboard;
			sourceTree = "<group>";
		};
/* End PBXVariantGroup section */

/* Begin XCBuildConfiguration section */
		2CD804D9226E6EAB00641652 /* Debug */ = {
			isa = XCBuildConfiguration;
			buildSettings = {
				ALWAYS_SEARCH_USER_PATHS = NO;
				CLANG_ANALYZER_NONNULL = YES;
				CLANG_ANALYZER_NUMBER_OBJECT_CONVERSION = YES_AGGRESSIVE;
				CLANG_CXX_LANGUAGE_STANDARD = "gnu++14";
				CLANG_CXX_LIBRARY = "libc++";
				CLANG_ENABLE_MODULES = YES;
				CLANG_ENABLE_OBJC_ARC = YES;
				CLANG_ENABLE_OBJC_WEAK = YES;
				CLANG_WARN_BLOCK_CAPTURE_AUTORELEASING = YES;
				CLANG_WARN_BOOL_CONVERSION = YES;
				CLANG_WARN_COMMA = YES;
				CLANG_WARN_CONSTANT_CONVERSION = YES;
				CLANG_WARN_DEPRECATED_OBJC_IMPLEMENTATIONS = YES;
				CLANG_WARN_DIRECT_OBJC_ISA_USAGE = YES_ERROR;
				CLANG_WARN_DOCUMENTATION_COMMENTS = YES;
				CLANG_WARN_EMPTY_BODY = YES;
				CLANG_WARN_ENUM_CONVERSION = YES;
				CLANG_WARN_INFINITE_RECURSION = YES;
				CLANG_WARN_INT_CONVERSION = YES;
				CLANG_WARN_NON_LITERAL_NULL_CONVERSION = YES;
				CLANG_WARN_OBJC_IMPLICIT_RETAIN_SELF = YES;
				CLANG_WARN_OBJC_LITERAL_CONVERSION = YES;
				CLANG_WARN_OBJC_ROOT_CLASS = YES_ERROR;
				CLANG_WARN_RANGE_LOOP_ANALYSIS = YES;
				CLANG_WARN_STRICT_PROTOTYPES = YES;
				CLANG_WARN_SUSPICIOUS_MOVE = YES;
				CLANG_WARN_UNGUARDED_AVAILABILITY = YES_AGGRESSIVE;
				CLANG_WARN_UNREACHABLE_CODE = YES;
				CLANG_WARN__DUPLICATE_METHOD_MATCH = YES;
				CODE_SIGN_IDENTITY = "iPhone Developer";
				COPY_PHASE_STRIP = NO;
				DEBUG_INFORMATION_FORMAT = dwarf;
				ENABLE_STRICT_OBJC_MSGSEND = YES;
				ENABLE_TESTABILITY = YES;
				GCC_C_LANGUAGE_STANDARD = gnu11;
				GCC_DYNAMIC_NO_PIC = NO;
				GCC_NO_COMMON_BLOCKS = YES;
				GCC_OPTIMIZATION_LEVEL = 0;
				GCC_PREPROCESSOR_DEFINITIONS = (
					"DEBUG=1",
					"$(inherited)",
				);
				GCC_WARN_64_TO_32_BIT_CONVERSION = YES;
				GCC_WARN_ABOUT_RETURN_TYPE = YES_ERROR;
				GCC_WARN_UNDECLARED_SELECTOR = YES;
				GCC_WARN_UNINITIALIZED_AUTOS = YES_AGGRESSIVE;
				GCC_WARN_UNUSED_FUNCTION = YES;
				GCC_WARN_UNUSED_VARIABLE = YES;
				IPHONEOS_DEPLOYMENT_TARGET = 12.1;
				MTL_ENABLE_DEBUG_INFO = INCLUDE_SOURCE;
				MTL_FAST_MATH = YES;
				ONLY_ACTIVE_ARCH = YES;
				SDKROOT = iphoneos;
				SWIFT_ACTIVE_COMPILATION_CONDITIONS = DEBUG;
				SWIFT_OPTIMIZATION_LEVEL = "-Onone";
			};
			name = Debug;
		};
		2CD804DA226E6EAB00641652 /* Release */ = {
			isa = XCBuildConfiguration;
			buildSettings = {
				ALWAYS_SEARCH_USER_PATHS = NO;
				CLANG_ANALYZER_NONNULL = YES;
				CLANG_ANALYZER_NUMBER_OBJECT_CONVERSION = YES_AGGRESSIVE;
				CLANG_CXX_LANGUAGE_STANDARD = "gnu++14";
				CLANG_CXX_LIBRARY = "libc++";
				CLANG_ENABLE_MODULES = YES;
				CLANG_ENABLE_OBJC_ARC = YES;
				CLANG_ENABLE_OBJC_WEAK = YES;
				CLANG_WARN_BLOCK_CAPTURE_AUTORELEASING = YES;
				CLANG_WARN_BOOL_CONVERSION = YES;
				CLANG_WARN_COMMA = YES;
				CLANG_WARN_CONSTANT_CONVERSION = YES;
				CLANG_WARN_DEPRECATED_OBJC_IMPLEMENTATIONS = YES;
				CLANG_WARN_DIRECT_OBJC_ISA_USAGE = YES_ERROR;
				CLANG_WARN_DOCUMENTATION_COMMENTS = YES;
				CLANG_WARN_EMPTY_BODY = YES;
				CLANG_WARN_ENUM_CONVERSION = YES;
				CLANG_WARN_INFINITE_RECURSION = YES;
				CLANG_WARN_INT_CONVERSION = YES;
				CLANG_WARN_NON_LITERAL_NULL_CONVERSION = YES;
				CLANG_WARN_OBJC_IMPLICIT_RETAIN_SELF = YES;
				CLANG_WARN_OBJC_LITERAL_CONVERSION = YES;
				CLANG_WARN_OBJC_ROOT_CLASS = YES_ERROR;
				CLANG_WARN_RANGE_LOOP_ANALYSIS = YES;
				CLANG_WARN_STRICT_PROTOTYPES = YES;
				CLANG_WARN_SUSPICIOUS_MOVE = YES;
				CLANG_WARN_UNGUARDED_AVAILABILITY = YES_AGGRESSIVE;
				CLANG_WARN_UNREACHABLE_CODE = YES;
				CLANG_WARN__DUPLICATE_METHOD_MATCH = YES;
				CODE_SIGN_IDENTITY = "iPhone Developer";
				COPY_PHASE_STRIP = NO;
				DEBUG_INFORMATION_FORMAT = "dwarf-with-dsym";
				ENABLE_NS_ASSERTIONS = NO;
				ENABLE_STRICT_OBJC_MSGSEND = YES;
				GCC_C_LANGUAGE_STANDARD = gnu11;
				GCC_NO_COMMON_BLOCKS = YES;
				GCC_WARN_64_TO_32_BIT_CONVERSION = YES;
				GCC_WARN_ABOUT_RETURN_TYPE = YES_ERROR;
				GCC_WARN_UNDECLARED_SELECTOR = YES;
				GCC_WARN_UNINITIALIZED_AUTOS = YES_AGGRESSIVE;
				GCC_WARN_UNUSED_FUNCTION = YES;
				GCC_WARN_UNUSED_VARIABLE = YES;
				IPHONEOS_DEPLOYMENT_TARGET = 12.1;
				MTL_ENABLE_DEBUG_INFO = NO;
				MTL_FAST_MATH = YES;
				SDKROOT = iphoneos;
				SWIFT_COMPILATION_MODE = wholemodule;
				SWIFT_OPTIMIZATION_LEVEL = "-O";
				VALIDATE_PRODUCT = YES;
			};
			name = Release;
		};
		2CD804DC226E6EAB00641652 /* Debug */ = {
			isa = XCBuildConfiguration;
			baseConfigurationReference = 10DA910764557513022C7D3F /* Pods-saves.debug.xcconfig */;
			buildSettings = {
				ASSETCATALOG_COMPILER_APPICON_NAME = AppIcon;
				CODE_SIGN_STYLE = Automatic;
				DEVELOPMENT_TEAM = 2DA9QX22AS;
				INFOPLIST_FILE = saves/Info.plist;
				LD_RUNPATH_SEARCH_PATHS = (
					"$(inherited)",
					"@executable_path/Frameworks",
				);
				PRODUCT_BUNDLE_IDENTIFIER = com.kim.saves;
				PRODUCT_NAME = "$(TARGET_NAME)";
				SWIFT_VERSION = 4.2;
				TARGETED_DEVICE_FAMILY = "1,2";
			};
			name = Debug;
		};
		2CD804DD226E6EAB00641652 /* Release */ = {
			isa = XCBuildConfiguration;
			baseConfigurationReference = 3D1F4208A4E8E9D2A3EFB83F /* Pods-saves.release.xcconfig */;
			buildSettings = {
				ASSETCATALOG_COMPILER_APPICON_NAME = AppIcon;
				CODE_SIGN_STYLE = Automatic;
				DEVELOPMENT_TEAM = 2DA9QX22AS;
				INFOPLIST_FILE = saves/Info.plist;
				LD_RUNPATH_SEARCH_PATHS = (
					"$(inherited)",
					"@executable_path/Frameworks",
				);
				PRODUCT_BUNDLE_IDENTIFIER = com.kim.saves;
				PRODUCT_NAME = "$(TARGET_NAME)";
				SWIFT_VERSION = 4.2;
				TARGETED_DEVICE_FAMILY = "1,2";
			};
			name = Release;
		};
/* End XCBuildConfiguration section */

/* Begin XCConfigurationList section */
		2CD804C4226E6EAA00641652 /* Build configuration list for PBXProject "saves" */ = {
			isa = XCConfigurationList;
			buildConfigurations = (
				2CD804D9226E6EAB00641652 /* Debug */,
				2CD804DA226E6EAB00641652 /* Release */,
			);
			defaultConfigurationIsVisible = 0;
			defaultConfigurationName = Release;
		};
		2CD804DB226E6EAB00641652 /* Build configuration list for PBXNativeTarget "saves" */ = {
			isa = XCConfigurationList;
			buildConfigurations = (
				2CD804DC226E6EAB00641652 /* Debug */,
				2CD804DD226E6EAB00641652 /* Release */,
			);
			defaultConfigurationIsVisible = 0;
			defaultConfigurationName = Release;
		};
/* End XCConfigurationList section */
	};
	rootObject = 2CD804C1226E6EAA00641652 /* Project object */;
}
